{
  "requires": true,
  "lockfileVersion": 1,
  "dependencies": {
    "@types/google-apps-script": {
      "version": "0.0.24",
      "resolved": "https://registry.npmjs.org/@types/google-apps-script/-/google-apps-script-0.0.24.tgz",
      "integrity": "sha512-RUMP+a1AZrsFrM2vekBAzzs12AcE9YTDVqhnhjc0SAQw7FjDivKZWlMRQHSrdA0t33dLZvw/Mj79VMDU8veDYg==",
      "dev": true
    },
    "typescript": {
      "version": "2.9.2",
      "resolved": "https://registry.npmjs.org/typescript/-/typescript-2.9.2.tgz",
      "integrity": "sha512-Gr4p6nFNaoufRIY4NMdpQRNmgxVIGMs4Fcu/ujdYk3nAZqk7supzBE9idmvfZIlH/Cuj//dvi+019qEue9lV0w==",
      "dev": true
    }
  }
}
